{
  "name": "jq-table-sort",
  "version": "0.0.1",
  "lockfileVersion": 2,
  "requires": true,
  "packages": {
    "": {
      "name": "jq-table-sort",
      "version": "0.0.1",
      "license": "MIT",
      "dependencies": {
        "jq-min": "^0.2.3"
      },
      "devDependencies": {
        "uglify-js": "^3.12.1"
      }
    },
    "node_modules/jq-min": {
      "version": "0.2.3",
      "resolved": "https://registry.npmjs.org/jq-min/-/jq-min-0.2.3.tgz",
      "integrity": "sha512-rE6O5gkQt9o7vhKYEPv+j3ck5SNTMop3PAu+C2IsSVNCQmYMgfjRSfus2ur5z6x4oWnlJzUtV7iR/TXu13QzPg=="
    },
    "node_modules/uglify-js": {
      "version": "3.17.4",
      "resolved": "https://registry.npmjs.org/uglify-js/-/uglify-js-3.17.4.tgz",
      "integrity": "sha512-T9q82TJI9e/C1TAxYvfb16xO120tMVFZrGA3f9/P4424DNu6ypK103y0GPFVa17yotwSyZW5iYXgjYHkGrJW/g==",
      "dev": true,
      "bin": {
        "uglifyjs": "bin/uglifyjs"
      },
      "engines": {
        "node": ">=0.8.0"
      }
    }
  },
  "dependencies": {
    "jq-min": {
      "version": "0.2.3",
      "resolved": "https://registry.npmjs.org/jq-min/-/jq-min-0.2.3.tgz",
      "integrity": "sha512-rE6O5gkQt9o7vhKYEPv+j3ck5SNTMop3PAu+C2IsSVNCQmYMgfjRSfus2ur5z6x4oWnlJzUtV7iR/TXu13QzPg=="
    },
    "uglify-js": {
      "version": "3.17.4",
      "resolved": "https://registry.npmjs.org/uglify-js/-/uglify-js-3.17.4.tgz",
      "integrity": "sha512-T9q82TJI9e/C1TAxYvfb16xO120tMVFZrGA3f9/P4424DNu6ypK103y0GPFVa17yotwSyZW5iYXgjYHkGrJW/g==",
      "dev": true
    }
  }
}
